// !$*UTF8*$!
{
	archiveVersion = 1;
	classes = {
	};
	objectVersion = 50;
	objects = {

/* Begin PBXBuildFile section */
		175084F52751E8EE00C948A4 /* AppDelegate.swift in Sources */ = {isa = PBXBuildFile; fileRef = 175084F42751E8EE00C948A4 /* AppDelegate.swift */; };
		175084F72751E8EE00C948A4 /* SceneDelegate.swift in Sources */ = {isa = PBXBuildFile; fileRef = 175084F62751E8EE00C948A4 /* SceneDelegate.swift */; };
		175084F92751E8EE00C948A4 /* ViewController.swift in Sources */ = {isa = PBXBuildFile; fileRef = 175084F82751E8EE00C948A4 /* ViewController.swift */; };
		175084FC2751E8EE00C948A4 /* Main.storyboard in Resources */ = {isa = PBXBuildFile; fileRef = 175084FA2751E8EE00C948A4 /* Main.storyboard */; };
		175084FF2751E8EE00C948A4 /* ProjectTest.xcdatamodeld in Sources */ = {isa = PBXBuildFile; fileRef = 175084FD2751E8EE00C948A4 /* ProjectTest.xcdatamodeld */; };
		175085012751E8F100C948A4 /* Assets.xcassets in Resources */ = {isa = PBXBuildFile; fileRef = 175085002751E8F100C948A4 /* Assets.xcassets */; };
		175085042751E8F100C948A4 /* LaunchScreen.storyboard in Resources */ = {isa = PBXBuildFile; fileRef = 175085022751E8F100C948A4 /* LaunchScreen.storyboard */; };
		1750850F2751E8F100C948A4 /* ProjectTestTests.swift in Sources */ = {isa = PBXBuildFile; fileRef = 1750850E2751E8F100C948A4 /* ProjectTestTests.swift */; };
		1750851A2751E8F200C948A4 /* ProjectTestUITests.swift in Sources */ = {isa = PBXBuildFile; fileRef = 175085192751E8F200C948A4 /* ProjectTestUITests.swift */; };
		1750852B2751EAD100C948A4 /* Model.swift in Sources */ = {isa = PBXBuildFile; fileRef = 1750852A2751EAD100C948A4 /* Model.swift */; };
/* End PBXBuildFile section */

/* Begin PBXContainerItemProxy section */
		1750850B2751E8F100C948A4 /* PBXContainerItemProxy */ = {
			isa = PBXContainerItemProxy;
			containerPortal = 175084E92751E8EE00C948A4 /* Project object */;
			proxyType = 1;
			remoteGlobalIDString = 175084F02751E8EE00C948A4;
			remoteInfo = ProjectTest;
		};
		175085162751E8F200C948A4 /* PBXContainerItemProxy */ = {
			isa = PBXContainerItemProxy;
			containerPortal = 175084E92751E8EE00C948A4 /* Project object */;
			proxyType = 1;
			remoteGlobalIDString = 175084F02751E8EE00C948A4;
			remoteInfo = ProjectTest;
		};
/* End PBXContainerItemProxy section */

/* Begin PBXFileReference section */
		175084F12751E8EE00C948A4 /* ProjectTest.app */ = {isa = PBXFileReference; explicitFileType = wrapper.application; includeInIndex = 0; path = ProjectTest.app; sourceTree = BUILT_PRODUCTS_DIR; };
		175084F42751E8EE00C948A4 /* AppDelegate.swift */ = {isa = PBXFileReference; lastKnownFileType = sourcecode.swift; path = AppDelegate.swift; sourceTree = "<group>"; };
		175084F62751E8EE00C948A4 /* SceneDelegate.swift */ = {isa = PBXFileReference; lastKnownFileType = sourcecode.swift; path = SceneDelegate.swift; sourceTree = "<group>"; };
		175084F82751E8EE00C948A4 /* ViewController.swift */ = {isa = PBXFileReference; lastKnownFileType = sourcecode.swift; path = ViewController.swift; sourceTree = "<group>"; };
		175084FB2751E8EE00C948A4 /* Base */ = {isa = PBXFileReference; lastKnownFileType = file.storyboard; name = Base; path = Base.lproj/Main.storyboard; sourceTree = "<group>"; };
		175084FE2751E8EE00C948A4 /* ProjectTest.xcdatamodel */ = {isa = PBXFileReference; lastKnownFileType = wrapper.xcdatamodel; path = ProjectTest.xcdatamodel; sourceTree = "<group>"; };
		175085002751E8F100C948A4 /* Assets.xcassets */ = {isa = PBXFileReference; lastKnownFileType = folder.assetcatalog; path = Assets.xcassets; sourceTree = "<group>"; };
		175085032751E8F100C948A4 /* Base */ = {isa = PBXFileReference; lastKnownFileType = file.storyboard; name = Base; path = Base.lproj/LaunchScreen.storyboard; sourceTree = "<group>"; };
		175085052751E8F100C948A4 /* Info.plist */ = {isa = PBXFileReference; lastKnownFileType = text.plist.xml; path = Info.plist; sourceTree = "<group>"; };
		1750850A2751E8F100C948A4 /* ProjectTestTests.xctest */ = {isa = PBXFileReference; explicitFileType = wrapper.cfbundle; includeInIndex = 0; path = ProjectTestTests.xctest; sourceTree = BUILT_PRODUCTS_DIR; };
		1750850E2751E8F100C948A4 /* ProjectTestTests.swift */ = {isa = PBXFileReference; lastKnownFileType = sourcecode.swift; path = ProjectTestTests.swift; sourceTree = "<group>"; };
		175085102751E8F100C948A4 /* Info.plist */ = {isa = PBXFileReference; lastKnownFileType = text.plist.xml; path = Info.plist; sourceTree = "<group>"; };
		175085152751E8F200C948A4 /* ProjectTestUITests.xctest */ = {isa = PBXFileReference; explicitFileType = wrapper.cfbundle; includeInIndex = 0; path = ProjectTestUITests.xctest; sourceTree = BUILT_PRODUCTS_DIR; };
		175085192751E8F200C948A4 /* ProjectTestUITests.swift */ = {isa = PBXFileReference; lastKnownFileType = sourcecode.swift; path = ProjectTestUITests.swift; sourceTree = "<group>"; };
		1750851B2751E8F200C948A4 /* Info.plist */ = {isa = PBXFileReference; lastKnownFileType = text.plist.xml; path = Info.plist; sourceTree = "<group>"; };
		1750852A2751EAD100C948A4 /* Model.swift */ = {isa = PBXFileReference; lastKnownFileType = sourcecode.swift; path = Model.swift; sourceTree = "<group>"; };
/* End PBXFileReference section */

/* Begin PBXFrameworksBuildPhase section */
		175084EE2751E8EE00C948A4 /* Frameworks */ = {
			isa = PBXFrameworksBuildPhase;
			buildActionMask = 2147483647;
			files = (
			);
			runOnlyForDeploymentPostprocessing = 0;
		};
		175085072751E8F100C948A4 /* Frameworks */ = {
			isa = PBXFrameworksBuildPhase;
			buildActionMask = 2147483647;
			files = (
			);
			runOnlyForDeploymentPostprocessing = 0;
		};
		175085122751E8F200C948A4 /* Frameworks */ = {
			isa = PBXFrameworksBuildPhase;
			buildActionMask = 2147483647;
			files = (
			);
			runOnlyForDeploymentPostprocessing = 0;
		};
/* End PBXFrameworksBuildPhase section */

/* Begin PBXGroup section */
		175084E82751E8EE00C948A4 = {
			isa = PBXGroup;
			children = (
				175084F32751E8EE00C948A4 /* ProjectTest */,
				1750850D2751E8F100C948A4 /* ProjectTestTests */,
				175085182751E8F200C948A4 /* ProjectTestUITests */,
				175084F22751E8EE00C948A4 /* Products */,
			);
			sourceTree = "<group>";
		};
		175084F22751E8EE00C948A4 /* Products */ = {
			isa = PBXGroup;
			children = (
				175084F12751E8EE00C948A4 /* ProjectTest.app */,
				1750850A2751E8F100C948A4 /* ProjectTestTests.xctest */,
				175085152751E8F200C948A4 /* ProjectTestUITests.xctest */,
			);
			name = Products;
			sourceTree = "<group>";
		};
		175084F32751E8EE00C948A4 /* ProjectTest */ = {
			isa = PBXGroup;
			children = (
				175084F42751E8EE00C948A4 /* AppDelegate.swift */,
				175084F62751E8EE00C948A4 /* SceneDelegate.swift */,
				175084F82751E8EE00C948A4 /* ViewController.swift */,
				1750852A2751EAD100C948A4 /* Model.swift */,
				175084FA2751E8EE00C948A4 /* Main.storyboard */,
				175085002751E8F100C948A4 /* Assets.xcassets */,
				175085022751E8F100C948A4 /* LaunchScreen.storyboard */,
				175085052751E8F100C948A4 /* Info.plist */,
				175084FD2751E8EE00C948A4 /* ProjectTest.xcdatamodeld */,
			);
			path = ProjectTest;
			sourceTree = "<group>";
		};
		1750850D2751E8F100C948A4 /* ProjectTestTests */ = {
			isa = PBXGroup;
			children = (
				1750850E2751E8F100C948A4 /* ProjectTestTests.swift */,
				175085102751E8F100C948A4 /* Info.plist */,
			);
			path = ProjectTestTests;
			sourceTree = "<group>";
		};
		175085182751E8F200C948A4 /* ProjectTestUITests */ = {
			isa = PBXGroup;
			children = (
				175085192751E8F200C948A4 /* ProjectTestUITests.swift */,
				1750851B2751E8F200C948A4 /* Info.plist */,
			);
			path = ProjectTestUITests;
			sourceTree = "<group>";
		};
/* End PBXGroup section */

/* Begin PBXNativeTarget section */
		175084F02751E8EE00C948A4 /* ProjectTest */ = {
			isa = PBXNativeTarget;
			buildConfigurationList = 1750851E2751E8F200C948A4 /* Build configuration list for PBXNativeTarget "ProjectTest" */;
			buildPhases = (
				175084ED2751E8EE00C948A4 /* Sources */,
				175084EE2751E8EE00C948A4 /* Frameworks */,
				175084EF2751E8EE00C948A4 /* Resources */,
			);
			buildRules = (
			);
			dependencies = (
			);
			name = ProjectTest;
			productName = ProjectTest;
			productReference = 175084F12751E8EE00C948A4 /* ProjectTest.app */;
			productType = "com.apple.product-type.application";
		};
		175085092751E8F100C948A4 /* ProjectTestTests */ = {
			isa = PBXNativeTarget;
			buildConfigurationList = 175085212751E8F200C948A4 /* Build configuration list for PBXNativeTarget "ProjectTestTests" */;
			buildPhases = (
				175085062751E8F100C948A4 /* Sources */,
				175085072751E8F100C948A4 /* Frameworks */,
				175085082751E8F100C948A4 /* Resources */,
			);
			buildRules = (
			);
			dependencies = (
				1750850C2751E8F100C948A4 /* PBXTargetDependency */,
			);
			name = ProjectTestTests;
			productName = ProjectTestTests;
			productReference = 1750850A2751E8F100C948A4 /* ProjectTestTests.xctest */;
			productType = "com.apple.product-type.bundle.unit-test";
		};
		175085142751E8F200C948A4 /* ProjectTestUITests */ = {
			isa = PBXNativeTarget;
			buildConfigurationList = 175085242751E8F200C948A4 /* Build configuration list for PBXNativeTarget "ProjectTestUITests" */;
			buildPhases = (
				175085112751E8F200C948A4 /* Sources */,
				175085122751E8F200C948A4 /* Frameworks */,
				175085132751E8F200C948A4 /* Resources */,
			);
			buildRules = (
			);
			dependencies = (
				175085172751E8F200C948A4 /* PBXTargetDependency */,
			);
			name = ProjectTestUITests;
			productName = ProjectTestUITests;
			productReference = 175085152751E8F200C948A4 /* ProjectTestUITests.xctest */;
			productType = "com.apple.product-type.bundle.ui-testing";
		};
/* End PBXNativeTarget section */

/* Begin PBXProject section */
		175084E92751E8EE00C948A4 /* Project object */ = {
			isa = PBXProject;
			attributes = {
				LastSwiftUpdateCheck = 1240;
				LastUpgradeCheck = 1240;
				TargetAttributes = {
					175084F02751E8EE00C948A4 = {
						CreatedOnToolsVersion = 12.4;
					};
					175085092751E8F100C948A4 = {
						CreatedOnToolsVersion = 12.4;
						TestTargetID = 175084F02751E8EE00C948A4;
					};
					175085142751E8F200C948A4 = {
						CreatedOnToolsVersion = 12.4;
						TestTargetID = 175084F02751E8EE00C948A4;
					};
				};
			};
			buildConfigurationList = 175084EC2751E8EE00C948A4 /* Build configuration list for PBXProject "ProjectTest" */;
			compatibilityVersion = "Xcode 9.3";
			developmentRegion = en;
			hasScannedForEncodings = 0;
			knownRegions = (
				en,
				Base,
			);
			mainGroup = 175084E82751E8EE00C948A4;
			productRefGroup = 175084F22751E8EE00C948A4 /* Products */;
			projectDirPath = "";
			projectRoot = "";
			targets = (
				175084F02751E8EE00C948A4 /* ProjectTest */,
				175085092751E8F100C948A4 /* ProjectTestTests */,
				175085142751E8F200C948A4 /* ProjectTestUITests */,
			);
		};
/* End PBXProject section */

/* Begin PBXResourcesBuildPhase section */
		175084EF2751E8EE00C948A4 /* Resources */ = {
			isa = PBXResourcesBuildPhase;
			buildActionMask = 2147483647;
			files = (
				175085042751E8F100C948A4 /* LaunchScreen.storyboard in Resources */,
				175085012751E8F100C948A4 /* Assets.xcassets in Resources */,
				175084FC2751E8EE00C948A4 /* Main.storyboard in Resources */,
			);
			runOnlyForDeploymentPostprocessing = 0;
		};
		175085082751E8F100C948A4 /* Resources */ = {
			isa = PBXResourcesBuildPhase;
			buildActionMask = 2147483647;
			files = (
			);
			runOnlyForDeploymentPostprocessing = 0;
		};
		175085132751E8F200C948A4 /* Resources */ = {
			isa = PBXResourcesBuildPhase;
			buildActionMask = 2147483647;
			files = (
			);
			runOnlyForDeploymentPostprocessing = 0;
		};
/* End PBXResourcesBuildPhase section */

/* Begin PBXSourcesBuildPhase section */
		175084ED2751E8EE00C948A4 /* Sources */ = {
			isa = PBXSourcesBuildPhase;
			buildActionMask = 2147483647;
			files = (
				1750852B2751EAD100C948A4 /* Model.swift in Sources */,
				175084F92751E8EE00C948A4 /* ViewController.swift in Sources */,
				175084F52751E8EE00C948A4 /* AppDelegate.swift in Sources */,
				175084F72751E8EE00C948A4 /* SceneDelegate.swift in Sources */,
				175084FF2751E8EE00C948A4 /* ProjectTest.xcdatamodeld in Sources */,
			);
			runOnlyForDeploymentPostprocessing = 0;
		};
		175085062751E8F100C948A4 /* Sources */ = {
			isa = PBXSourcesBuildPhase;
			buildActionMask = 2147483647;
			files = (
				1750850F2751E8F100C948A4 /* ProjectTestTests.swift in Sources */,
			);
			runOnlyForDeploymentPostprocessing = 0;
		};
		175085112751E8F200C948A4 /* Sources */ = {
			isa = PBXSourcesBuildPhase;
			buildActionMask = 2147483647;
			files = (
				1750851A2751E8F200C948A4 /* ProjectTestUITests.swift in Sources */,
			);
			runOnlyForDeploymentPostprocessing = 0;
		};
/* End PBXSourcesBuildPhase section */

/* Begin PBXTargetDependency section */
		1750850C2751E8F100C948A4 /* PBXTargetDependency */ = {
			isa = PBXTargetDependency;
			target = 175084F02751E8EE00C948A4 /* ProjectTest */;
			targetProxy = 1750850B2751E8F100C948A4 /* PBXContainerItemProxy */;
		};
		175085172751E8F200C948A4 /* PBXTargetDependency */ = {
			isa = PBXTargetDependency;
			target = 175084F02751E8EE00C948A4 /* ProjectTest */;
			targetProxy = 175085162751E8F200C948A4 /* PBXContainerItemProxy */;
		};
/* End PBXTargetDependency section */

/* Begin PBXVariantGroup section */
		175084FA2751E8EE00C948A4 /* Main.storyboard */ = {
			isa = PBXVariantGroup;
			children = (
				175084FB2751E8EE00C948A4 /* Base */,
			);
			name = Main.storyboard;
			sourceTree = "<group>";
		};
		175085022751E8F100C948A4 /* LaunchScreen.storyboard */ = {
			isa = PBXVariantGroup;
			children = (
				175085032751E8F100C948A4 /* Base */,
			);
			name = LaunchScreen.storyboard;
			sourceTree = "<group>";
		};
/* End PBXVariantGroup section */

/* Begin XCBuildConfiguration section */
		1750851C2751E8F200C948A4 /* Debug */ = {
			isa = XCBuildConfiguration;
			buildSettings = {
				ALWAYS_SEARCH_USER_PATHS = NO;
				CLANG_ANALYZER_NONNULL = YES;
				CLANG_ANALYZER_NUMBER_OBJECT_CONVERSION = YES_AGGRESSIVE;
				CLANG_CXX_LANGUAGE_STANDARD = "gnu++14";
				CLANG_CXX_LIBRARY = "libc++";
				CLANG_ENABLE_MODULES = YES;
				CLANG_ENABLE_OBJC_ARC = YES;
				CLANG_ENABLE_OBJC_WEAK = YES;
				CLANG_WARN_BLOCK_CAPTURE_AUTORELEASING = YES;
				CLANG_WARN_BOOL_CONVERSION = YES;
				CLANG_WARN_COMMA = YES;
				CLANG_WARN_CONSTANT_CONVERSION = YES;
				CLANG_WARN_DEPRECATED_OBJC_IMPLEMENTATIONS = YES;
				CLANG_WARN_DIRECT_OBJC_ISA_USAGE = YES_ERROR;
				CLANG_WARN_DOCUMENTATION_COMMENTS = YES;
				CLANG_WARN_EMPTY_BODY = YES;
				CLANG_WARN_ENUM_CONVERSION = YES;
				CLANG_WARN_INFINITE_RECURSION = YES;
				CLANG_WARN_INT_CONVERSION = YES;
				CLANG_WARN_NON_LITERAL_NULL_CONVERSION = YES;
				CLANG_WARN_OBJC_IMPLICIT_RETAIN_SELF = YES;
				CLANG_WARN_OBJC_LITERAL_CONVERSION = YES;
				CLANG_WARN_OBJC_ROOT_CLASS = YES_ERROR;
				CLANG_WARN_QUOTED_INCLUDE_IN_FRAMEWORK_HEADER = YES;
				CLANG_WARN_RANGE_LOOP_ANALYSIS = YES;
				CLANG_WARN_STRICT_PROTOTYPES = YES;
				CLANG_WARN_SUSPICIOUS_MOVE = YES;
				CLANG_WARN_UNGUARDED_AVAILABILITY = YES_AGGRESSIVE;
				CLANG_WARN_UNREACHABLE_CODE = YES;
				CLANG_WARN__DUPLICATE_METHOD_MATCH = YES;
				COPY_PHASE_STRIP = NO;
				DEBUG_INFORMATION_FORMAT = dwarf;
				ENABLE_STRICT_OBJC_MSGSEND = YES;
				ENABLE_TESTABILITY = YES;
				GCC_C_LANGUAGE_STANDARD = gnu11;
				GCC_DYNAMIC_NO_PIC = NO;
				GCC_NO_COMMON_BLOCKS = YES;
				GCC_OPTIMIZATION_LEVEL = 0;
				GCC_PREPROCESSOR_DEFINITIONS = (
					"DEBUG=1",
					"$(inherited)",
				);
				GCC_WARN_64_TO_32_BIT_CONVERSION = YES;
				GCC_WARN_ABOUT_RETURN_TYPE = YES_ERROR;
				GCC_WARN_UNDECLARED_SELECTOR = YES;
				GCC_WARN_UNINITIALIZED_AUTOS = YES_AGGRESSIVE;
				GCC_WARN_UNUSED_FUNCTION = YES;
				GCC_WARN_UNUSED_VARIABLE = YES;
				IPHONEOS_DEPLOYMENT_TARGET = 14.4;
				MTL_ENABLE_DEBUG_INFO = INCLUDE_SOURCE;
				MTL_FAST_MATH = YES;
				ONLY_ACTIVE_ARCH = YES;
				SDKROOT = iphoneos;
				SWIFT_ACTIVE_COMPILATION_CONDITIONS = DEBUG;
				SWIFT_OPTIMIZATION_LEVEL = "-Onone";
			};
			name = Debug;
		};
		1750851D2751E8F200C948A4 /* Release */ = {
			isa = XCBuildConfiguration;
			buildSettings = {
				ALWAYS_SEARCH_USER_PATHS = NO;
				CLANG_ANALYZER_NONNULL = YES;
				CLANG_ANALYZER_NUMBER_OBJECT_CONVERSION = YES_AGGRESSIVE;
				CLANG_CXX_LANGUAGE_STANDARD = "gnu++14";
				CLANG_CXX_LIBRARY = "libc++";
				CLANG_ENABLE_MODULES = YES;
				CLANG_ENABLE_OBJC_ARC = YES;
				CLANG_ENABLE_OBJC_WEAK = YES;
				CLANG_WARN_BLOCK_CAPTURE_AUTORELEASING = YES;
				CLANG_WARN_BOOL_CONVERSION = YES;
				CLANG_WARN_COMMA = YES;
				CLANG_WARN_CONSTANT_CONVERSION = YES;
				CLANG_WARN_DEPRECATED_OBJC_IMPLEMENTATIONS = YES;
				CLANG_WARN_DIRECT_OBJC_ISA_USAGE = YES_ERROR;
				CLANG_WARN_DOCUMENTATION_COMMENTS = YES;
				CLANG_WARN_EMPTY_BODY = YES;
				CLANG_WARN_ENUM_CONVERSION = YES;
				CLANG_WARN_INFINITE_RECURSION = YES;
				CLANG_WARN_INT_CONVERSION = YES;
				CLANG_WARN_NON_LITERAL_NULL_CONVERSION = YES;
				CLANG_WARN_OBJC_IMPLICIT_RETAIN_SELF = YES;
				CLANG_WARN_OBJC_LITERAL_CONVERSION = YES;
				CLANG_WARN_OBJC_ROOT_CLASS = YES_ERROR;
				CLANG_WARN_QUOTED_INCLUDE_IN_FRAMEWORK_HEADER = YES;
				CLANG_WARN_RANGE_LOOP_ANALYSIS = YES;
				CLANG_WARN_STRICT_PROTOTYPES = YES;
				CLANG_WARN_SUSPICIOUS_MOVE = YES;
				CLANG_WARN_UNGUARDED_AVAILABILITY = YES_AGGRESSIVE;
				CLANG_WARN_UNREACHABLE_CODE = YES;
				CLANG_WARN__DUPLICATE_METHOD_MATCH = YES;
				COPY_PHASE_STRIP = NO;
				DEBUG_INFORMATION_FORMAT = "dwarf-with-dsym";
				ENABLE_NS_ASSERTIONS = NO;
				ENABLE_STRICT_OBJC_MSGSEND = YES;
				GCC_C_LANGUAGE_STANDARD = gnu11;
				GCC_NO_COMMON_BLOCKS = YES;
				GCC_WARN_64_TO_32_BIT_CONVERSION = YES;
				GCC_WARN_ABOUT_RETURN_TYPE = YES_ERROR;
				GCC_WARN_UNDECLARED_SELECTOR = YES;
				GCC_WARN_UNINITIALIZED_AUTOS = YES_AGGRESSIVE;
				GCC_WARN_UNUSED_FUNCTION = YES;
				GCC_WARN_UNUSED_VARIABLE = YES;
				IPHONEOS_DEPLOYMENT_TARGET = 14.4;
				MTL_ENABLE_DEBUG_INFO = NO;
				MTL_FAST_MATH = YES;
				SDKROOT = iphoneos;
				SWIFT_COMPILATION_MODE = wholemodule;
				SWIFT_OPTIMIZATION_LEVEL = "-O";
				VALIDATE_PRODUCT = YES;
			};
			name = Release;
		};
		1750851F2751E8F200C948A4 /* Debug */ = {
			isa = XCBuildConfiguration;
			buildSettings = {
				ASSETCATALOG_COMPILER_APPICON_NAME = AppIcon;
				ASSETCATALOG_COMPILER_GLOBAL_ACCENT_COLOR_NAME = AccentColor;
				CODE_SIGN_STYLE = Automatic;
				DEVELOPMENT_TEAM = LTJ85CJ6VF;
				INFOPLIST_FILE = ProjectTest/Info.plist;
				LD_RUNPATH_SEARCH_PATHS = (
					"$(inherited)",
					"@executable_path/Frameworks",
				);
				PRODUCT_BUNDLE_IDENTIFIER = aurellnats.ProjectTest;
				PRODUCT_NAME = "$(TARGET_NAME)";
				SWIFT_VERSION = 5.0;
				TARGETED_DEVICE_FAMILY = "1,2";
			};
			name = Debug;
		};
		175085202751E8F200C948A4 /* Release */ = {
			isa = XCBuildConfiguration;
			buildSettings = {
				ASSETCATALOG_COMPILER_APPICON_NAME = AppIcon;
				ASSETCATALOG_COMPILER_GLOBAL_ACCENT_COLOR_NAME = AccentColor;
				CODE_SIGN_STYLE = Automatic;
				DEVELOPMENT_TEAM = LTJ85CJ6VF;
				INFOPLIST_FILE = ProjectTest/Info.plist;
				LD_RUNPATH_SEARCH_PATHS = (
					"$(inherited)",
					"@executable_path/Frameworks",
				);
				PRODUCT_BUNDLE_IDENTIFIER = aurellnats.ProjectTest;
				PRODUCT_NAME = "$(TARGET_NAME)";
				SWIFT_VERSION = 5.0;
				TARGETED_DEVICE_FAMILY = "1,2";
			};
			name = Release;
		};
		175085222751E8F200C948A4 /* Debug */ = {
			isa = XCBuildConfiguration;
			buildSettings = {
				ALWAYS_EMBED_SWIFT_STANDARD_LIBRARIES = YES;
				BUNDLE_LOADER = "$(TEST_HOST)";
				CODE_SIGN_STYLE = Automatic;
				DEVELOPMENT_TEAM = LTJ85CJ6VF;
				INFOPLIST_FILE = ProjectTestTests/Info.plist;
				IPHONEOS_DEPLOYMENT_TARGET = 14.4;
				LD_RUNPATH_SEARCH_PATHS = (
					"$(inherited)",
					"@executable_path/Frameworks",
					"@loader_path/Frameworks",
				);
				PRODUCT_BUNDLE_IDENTIFIER = aurellnats.ProjectTestTests;
				PRODUCT_NAME = "$(TARGET_NAME)";
				SWIFT_VERSION = 5.0;
				TARGETED_DEVICE_FAMILY = "1,2";
				TEST_HOST = "$(BUILT_PRODUCTS_DIR)/ProjectTest.app/ProjectTest";
			};
			name = Debug;
		};
		175085232751E8F200C948A4 /* Release */ = {
			isa = XCBuildConfiguration;
			buildSettings = {
				ALWAYS_EMBED_SWIFT_STANDARD_LIBRARIES = YES;
				BUNDLE_LOADER = "$(TEST_HOST)";
				CODE_SIGN_STYLE = Automatic;
				DEVELOPMENT_TEAM = LTJ85CJ6VF;
				INFOPLIST_FILE = ProjectTestTests/Info.plist;
				IPHONEOS_DEPLOYMENT_TARGET = 14.4;
				LD_RUNPATH_SEARCH_PATHS = (
					"$(inherited)",
					"@executable_path/Frameworks",
					"@loader_path/Frameworks",
				);
				PRODUCT_BUNDLE_IDENTIFIER = aurellnats.ProjectTestTests;
				PRODUCT_NAME = "$(TARGET_NAME)";
				SWIFT_VERSION = 5.0;
				TARGETED_DEVICE_FAMILY = "1,2";
				TEST_HOST = "$(BUILT_PRODUCTS_DIR)/ProjectTest.app/ProjectTest";
			};
			name = Release;
		};
		175085252751E8F200C948A4 /* Debug */ = {
			isa = XCBuildConfiguration;
			buildSettings = {
				ALWAYS_EMBED_SWIFT_STANDARD_LIBRARIES = YES;
				CODE_SIGN_STYLE = Automatic;
				DEVELOPMENT_TEAM = LTJ85CJ6VF;
				INFOPLIST_FILE = ProjectTestUITests/Info.plist;
				LD_RUNPATH_SEARCH_PATHS = (
					"$(inherited)",
					"@executable_path/Frameworks",
					"@loader_path/Frameworks",
				);
				PRODUCT_BUNDLE_IDENTIFIER = aurellnats.ProjectTestUITests;
				PRODUCT_NAME = "$(TARGET_NAME)";
				SWIFT_VERSION = 5.0;
				TARGETED_DEVICE_FAMILY = "1,2";
				TEST_TARGET_NAME = ProjectTest;
			};
			name = Debug;
		};
		175085262751E8F200C948A4 /* Release */ = {
			isa = XCBuildConfiguration;
			buildSettings = {
				ALWAYS_EMBED_SWIFT_STANDARD_LIBRARIES = YES;
				CODE_SIGN_STYLE = Automatic;
				DEVELOPMENT_TEAM = LTJ85CJ6VF;
				INFOPLIST_FILE = ProjectTestUITests/Info.plist;
				LD_RUNPATH_SEARCH_PATHS = (
					"$(inherited)",
					"@executable_path/Frameworks",
					"@loader_path/Frameworks",
				);
				PRODUCT_BUNDLE_IDENTIFIER = aurellnats.ProjectTestUITests;
				PRODUCT_NAME = "$(TARGET_NAME)";
				SWIFT_VERSION = 5.0;
				TARGETED_DEVICE_FAMILY = "1,2";
				TEST_TARGET_NAME = ProjectTest;
			};
			name = Release;
		};
/* End XCBuildConfiguration section */

/* Begin XCConfigurationList section */
		175084EC2751E8EE00C948A4 /* Build configuration list for PBXProject "ProjectTest" */ = {
			isa = XCConfigurationList;
			buildConfigurations = (
				1750851C2751E8F200C948A4 /* Debug */,
				1750851D2751E8F200C948A4 /* Release */,
			);
			defaultConfigurationIsVisible = 0;
			defaultConfigurationName = Release;
		};
		1750851E2751E8F200C948A4 /* Build configuration list for PBXNativeTarget "ProjectTest" */ = {
			isa = XCConfigurationList;
			buildConfigurations = (
				1750851F2751E8F200C948A4 /* Debug */,
				175085202751E8F200C948A4 /* Release */,
			);
			defaultConfigurationIsVisible = 0;
			defaultConfigurationName = Release;
		};
		175085212751E8F200C948A4 /* Build configuration list for PBXNativeTarget "ProjectTestTests" */ = {
			isa = XCConfigurationList;
			buildConfigurations = (
				175085222751E8F200C948A4 /* Debug */,
				175085232751E8F200C948A4 /* Release */,
			);
			defaultConfigurationIsVisible = 0;
			defaultConfigurationName = Release;
		};
		175085242751E8F200C948A4 /* Build configuration list for PBXNativeTarget "ProjectTestUITests" */ = {
			isa = XCConfigurationList;
			buildConfigurations = (
				175085252751E8F200C948A4 /* Debug */,
				175085262751E8F200C948A4 /* Release */,
			);
			defaultConfigurationIsVisible = 0;
			defaultConfigurationName = Release;
		};
/* End XCConfigurationList section */

/* Begin XCVersionGroup section */
		175084FD2751E8EE00C948A4 /* ProjectTest.xcdatamodeld */ = {
			isa = XCVersionGroup;
			children = (
				175084FE2751E8EE00C948A4 /* ProjectTest.xcdatamodel */,
			);
			currentVersion = 175084FE2751E8EE00C948A4 /* ProjectTest.xcdatamodel */;
			path = ProjectTest.xcdatamodeld;
			sourceTree = "<group>";
			versionGroupType = wrapper.xcdatamodel;
		};
/* End XCVersionGroup section */
	};
	rootObject = 175084E92751E8EE00C948A4 /* Project object */;
}
